<?xml version="1.0" encoding="utf-8"?>
<Project ToolsVersion="4.0" xmlns="http://schemas.microsoft.com/developer/msbuild/2003">
  <ItemGroup>
    <Filter Include="头文件">
      <UniqueIdentifier>{93995380-89BD-4b04-88EB-625FBE52EBFB}</UniqueIdentifier>
      <Extensions>h;hh;hpp;hxx;hm;inl;inc;ipp;xsd</Extensions>
    </Filter>
    <Filter Include="资源文件">
      <UniqueIdentifier>{67DA6AB6-F800-4c08-8B7A-83BB121AAD01}</UniqueIdentifier>
      <Extensions>rc;ico;cur;bmp;dlg;rc2;rct;bin;rgs;gif;jpg;jpeg;jpe;resx;tiff;tif;png;wav;mfcribbon-ms</Extensions>
    </Filter>
    <Filter Include="sPlc">
      <UniqueIdentifier>{d14271d7-8c68-4991-80d6-322b20494eef}</UniqueIdentifier>
    </Filter>
    <Filter Include="sPlcWin32">
      <UniqueIdentifier>{e8d25475-efa6-41cc-82a9-cb700ee3ecca}</UniqueIdentifier>
    </Filter>
  </ItemGroup>
  <ItemGroup>
    <ClCompile Include="..\sPlc\sPlc.c">
      <Filter>sPlc</Filter>
    </ClCompile>
    <ClCompile Include="..\sPlc\sPlcFun.c">
      <Filter>sPlc</Filter>
    </ClCompile>
    <ClCompile Include="sPlcWin32.c">
      <Filter>sPlcWin32</Filter>
    </ClCompile>
  </ItemGroup>
  <ItemGroup>
    <ClInclude Include="..\sPlc\sPlc.h">
      <Filter>sPlc</Filter>
    </ClInclude>
    <ClInclude Include="..\sPlc\sPlcConfig.h">
      <Filter>sPlc</Filter>
    </ClInclude>
    <ClInclude Include="..\sPlc\sPlcFun.h">
      <Filter>sPlc</Filter>
    </ClInclude>
    <ClInclude Include="sPlcPort.h">
      <Filter>sPlcWin32</Filter>
    </ClInclude>
  </ItemGroup>
</Project>